
Microsoft Visual Studio Solution File, Format Version 11.00
# Visual Studio 2010
Project("{8BC9CEB8-8B4A-11D0-8D11-00A0C91BC942}") = "ROBOT_APP", "ROBOT_APP.vcxproj", "{76A39BB2-9B84-4C65-98A5-654D86B86F2A}"
	ProjectSection(ProjectDependencies) = postProject
		{C4867DA4-7341-370F-8DF7-52F58A4908AF} = {C4867DA4-7341-370F-8DF7-52F58A4908AF}
		{078DD81D-564E-32AD-AE50-270C9CD3D18D} = {078DD81D-564E-32AD-AE50-270C9CD3D18D}
		{21B2C324-891F-48EA-AD1A-5AE13DE12E28} = {21B2C324-891F-48EA-AD1A-5AE13DE12E28}
		{19ABFBC9-5AC3-31C6-9FC6-FD33CDB4FA25} = {19ABFBC9-5AC3-31C6-9FC6-FD33CDB4FA25}
		{D9C75CC4-458D-3002-854A-1A2E4365EC31} = {D9C75CC4-458D-3002-854A-1A2E4365EC31}
		{F65E5460-7620-3D42-A9D4-426A8BD25AD5} = {F65E5460-7620-3D42-A9D4-426A8BD25AD5}
		{DDC3E27F-004D-4DD4-9DD3-931A013D2159} = {DDC3E27F-004D-4DD4-9DD3-931A013D2159}
		{3A9E4D46-BDB0-325E-8E1C-6F8C16793446} = {3A9E4D46-BDB0-325E-8E1C-6F8C16793446}
		{98A51BA8-FC3A-415B-AC8F-8C7BD464E93E} = {98A51BA8-FC3A-415B-AC8F-8C7BD464E93E}
		{6391E71E-A9D4-36B2-839F-7FCF549FE6A1} = {6391E71E-A9D4-36B2-839F-7FCF549FE6A1}
		{207BC7A9-CCF1-4F2F-A04D-45F72242AE25} = {207BC7A9-CCF1-4F2F-A04D-45F72242AE25}
		{30561D6B-9252-38A9-9448-FB729359880F} = {30561D6B-9252-38A9-9448-FB729359880F}
		{00C3FB63-FE11-39D1-9639-7E46C1D382E1} = {00C3FB63-FE11-39D1-9639-7E46C1D382E1}
		{3231F6CF-5927-31FA-9C9F-5BC4152E02AC} = {3231F6CF-5927-31FA-9C9F-5BC4152E02AC}
		{929480E7-23C0-4DF6-8456-096D71547116} = {929480E7-23C0-4DF6-8456-096D71547116}
		{60075919-DC50-3A9C-B507-131FC4BDF8C8} = {60075919-DC50-3A9C-B507-131FC4BDF8C8}
		{F4CEF847-363F-3F55-A7B1-3CB1565C2271} = {F4CEF847-363F-3F55-A7B1-3CB1565C2271}
		{F8EDD7FA-9A51-4E80-BAEB-860825D2EAC6} = {F8EDD7FA-9A51-4E80-BAEB-860825D2EAC6}
	EndProjectSection
EndProject
Project("{8BC9CEB8-8B4A-11D0-8D11-00A0C91BC942}") = "libBox2D", "cocos2d-x-2.2.6\external\Box2D\proj.win32\Box2D.vcxproj", "{929480E7-23C0-4DF6-8456-096D71547116}"
EndProject
Project("{8BC9CEB8-8B4A-11D0-8D11-00A0C91BC942}") = "libcocos2d", "cocos2d-x-2.2.6\cocos2dx\proj.win32\cocos2d.vcxproj", "{98A51BA8-FC3A-415B-AC8F-8C7BD464E93E}"
EndProject
Project("{8BC9CEB8-8B4A-11D0-8D11-00A0C91BC942}") = "libchipmunk", "cocos2d-x-2.2.6\external\chipmunk\proj.win32\chipmunk.vcxproj", "{207BC7A9-CCF1-4F2F-A04D-45F72242AE25}"
EndProject
Project("{8BC9CEB8-8B4A-11D0-8D11-00A0C91BC942}") = "libCocosDenshion", "cocos2d-x-2.2.6\CocosDenshion\proj.win32\CocosDenshion.vcxproj", "{F8EDD7FA-9A51-4E80-BAEB-860825D2EAC6}"
EndProject
Project("{8BC9CEB8-8B4A-11D0-8D11-00A0C91BC942}") = "libExtensions", "cocos2d-x-2.2.6\extensions\proj.win32\libExtensions.vcxproj", "{21B2C324-891F-48EA-AD1A-5AE13DE12E28}"
EndProject
Project("{8BC9CEB8-8B4A-11D0-8D11-00A0C91BC942}") = "liblua", "cocos2d-x-2.2.6\scripting\lua\proj.win32\liblua.vcxproj", "{DDC3E27F-004D-4DD4-9DD3-931A013D2159}"
EndProject
Project("{8BC9CEB8-8B4A-11D0-8D11-00A0C91BC942}") = "ZERO_CHECK", "build\ZERO_CHECK.vcxproj", "{D9C75CC4-458D-3002-854A-1A2E4365EC31}"
EndProject
Project("{8BC9CEB8-8B4A-11D0-8D11-00A0C91BC942}") = "playercommon", "build\libplayercommon\playercommon.vcxproj", "{00C3FB63-FE11-39D1-9639-7E46C1D382E1}"
EndProject
Project("{8BC9CEB8-8B4A-11D0-8D11-00A0C91BC942}") = "playerinterface", "build\libplayerinterface\playerinterface.vcxproj", "{078DD81D-564E-32AD-AE50-270C9CD3D18D}"
	ProjectSection(ProjectDependencies) = postProject
		{19ABFBC9-5AC3-31C6-9FC6-FD33CDB4FA25} = {19ABFBC9-5AC3-31C6-9FC6-FD33CDB4FA25}
		{F65E5460-7620-3D42-A9D4-426A8BD25AD5} = {F65E5460-7620-3D42-A9D4-426A8BD25AD5}
		{3A9E4D46-BDB0-325E-8E1C-6F8C16793446} = {3A9E4D46-BDB0-325E-8E1C-6F8C16793446}
	EndProjectSection
EndProject
Project("{8BC9CEB8-8B4A-11D0-8D11-00A0C91BC942}") = "playerc", "build\client_libs\libplayerc\playerc.vcxproj", "{60075919-DC50-3A9C-B507-131FC4BDF8C8}"
EndProject
Project("{8BC9CEB8-8B4A-11D0-8D11-00A0C91BC942}") = "playerc++", "build\client_libs\libplayerc++\playerc++.vcxproj", "{3231F6CF-5927-31FA-9C9F-5BC4152E02AC}"
EndProject
Project("{8BC9CEB8-8B4A-11D0-8D11-00A0C91BC942}") = "playerwkb", "build\libplayerwkb\playerwkb.vcxproj", "{30561D6B-9252-38A9-9448-FB729359880F}"
EndProject
Project("{8BC9CEB8-8B4A-11D0-8D11-00A0C91BC942}") = "interface_table", "build\libplayerinterface\interface_table.vcxproj", "{19ABFBC9-5AC3-31C6-9FC6-FD33CDB4FA25}"
EndProject
Project("{8BC9CEB8-8B4A-11D0-8D11-00A0C91BC942}") = "functiontable_gen", "build\libplayerinterface\functiontable_gen.vcxproj", "{3A9E4D46-BDB0-325E-8E1C-6F8C16793446}"
EndProject
Project("{8BC9CEB8-8B4A-11D0-8D11-00A0C91BC942}") = "playerxdr_src", "build\libplayerinterface\playerxdr_src.vcxproj", "{F65E5460-7620-3D42-A9D4-426A8BD25AD5}"
EndProject
Project("{8BC9CEB8-8B4A-11D0-8D11-00A0C91BC942}") = "player_interfaces", "build\libplayerinterface\player_interfaces.vcxproj", "{F4CEF847-363F-3F55-A7B1-3CB1565C2271}"
EndProject
Project("{8BC9CEB8-8B4A-11D0-8D11-00A0C91BC942}") = "playercore", "build\libplayercore\playercore.vcxproj", "{C4867DA4-7341-370F-8DF7-52F58A4908AF}"
EndProject
Project("{8BC9CEB8-8B4A-11D0-8D11-00A0C91BC942}") = "playerreplace", "build\replace\playerreplace.vcxproj", "{6391E71E-A9D4-36B2-839F-7FCF549FE6A1}"
EndProject
Global
	GlobalSection(SolutionConfigurationPlatforms) = preSolution
		Debug|Win32 = Debug|Win32
		MinSizeRel|Win32 = MinSizeRel|Win32
		Release|Win32 = Release|Win32
		RelWithDebInfo|Win32 = RelWithDebInfo|Win32
	EndGlobalSection
	GlobalSection(ProjectConfigurationPlatforms) = postSolution
		{76A39BB2-9B84-4C65-98A5-654D86B86F2A}.Debug|Win32.ActiveCfg = Debug|Win32
		{76A39BB2-9B84-4C65-98A5-654D86B86F2A}.Debug|Win32.Build.0 = Debug|Win32
		{76A39BB2-9B84-4C65-98A5-654D86B86F2A}.MinSizeRel|Win32.ActiveCfg = Release|Win32
		{76A39BB2-9B84-4C65-98A5-654D86B86F2A}.MinSizeRel|Win32.Build.0 = Release|Win32
		{76A39BB2-9B84-4C65-98A5-654D86B86F2A}.Release|Win32.ActiveCfg = Release|Win32
		{76A39BB2-9B84-4C65-98A5-654D86B86F2A}.Release|Win32.Build.0 = Release|Win32
		{76A39BB2-9B84-4C65-98A5-654D86B86F2A}.RelWithDebInfo|Win32.ActiveCfg = Release|Win32
		{76A39BB2-9B84-4C65-98A5-654D86B86F2A}.RelWithDebInfo|Win32.Build.0 = Release|Win32
		{929480E7-23C0-4DF6-8456-096D71547116}.Debug|Win32.ActiveCfg = Debug|Win32
		{929480E7-23C0-4DF6-8456-096D71547116}.Debug|Win32.Build.0 = Debug|Win32
		{929480E7-23C0-4DF6-8456-096D71547116}.MinSizeRel|Win32.ActiveCfg = Release|Win32
		{929480E7-23C0-4DF6-8456-096D71547116}.MinSizeRel|Win32.Build.0 = Release|Win32
		{929480E7-23C0-4DF6-8456-096D71547116}.Release|Win32.ActiveCfg = Release|Win32
		{929480E7-23C0-4DF6-8456-096D71547116}.Release|Win32.Build.0 = Release|Win32
		{929480E7-23C0-4DF6-8456-096D71547116}.RelWithDebInfo|Win32.ActiveCfg = Release|Win32
		{929480E7-23C0-4DF6-8456-096D71547116}.RelWithDebInfo|Win32.Build.0 = Release|Win32
		{98A51BA8-FC3A-415B-AC8F-8C7BD464E93E}.Debug|Win32.ActiveCfg = Debug|Win32
		{98A51BA8-FC3A-415B-AC8F-8C7BD464E93E}.Debug|Win32.Build.0 = Debug|Win32
		{98A51BA8-FC3A-415B-AC8F-8C7BD464E93E}.MinSizeRel|Win32.ActiveCfg = Release|Win32
		{98A51BA8-FC3A-415B-AC8F-8C7BD464E93E}.MinSizeRel|Win32.Build.0 = Release|Win32
		{98A51BA8-FC3A-415B-AC8F-8C7BD464E93E}.Release|Win32.ActiveCfg = Release|Win32
		{98A51BA8-FC3A-415B-AC8F-8C7BD464E93E}.Release|Win32.Build.0 = Release|Win32
		{98A51BA8-FC3A-415B-AC8F-8C7BD464E93E}.RelWithDebInfo|Win32.ActiveCfg = Release|Win32
		{98A51BA8-FC3A-415B-AC8F-8C7BD464E93E}.RelWithDebInfo|Win32.Build.0 = Release|Win32
		{207BC7A9-CCF1-4F2F-A04D-45F72242AE25}.Debug|Win32.ActiveCfg = Debug|Win32
		{207BC7A9-CCF1-4F2F-A04D-45F72242AE25}.Debug|Win32.Build.0 = Debug|Win32
		{207BC7A9-CCF1-4F2F-A04D-45F72242AE25}.MinSizeRel|Win32.ActiveCfg = Release|Win32
		{207BC7A9-CCF1-4F2F-A04D-45F72242AE25}.MinSizeRel|Win32.Build.0 = Release|Win32
		{207BC7A9-CCF1-4F2F-A04D-45F72242AE25}.Release|Win32.ActiveCfg = Release|Win32
		{207BC7A9-CCF1-4F2F-A04D-45F72242AE25}.Release|Win32.Build.0 = Release|Win32
		{207BC7A9-CCF1-4F2F-A04D-45F72242AE25}.RelWithDebInfo|Win32.ActiveCfg = Release|Win32
		{207BC7A9-CCF1-4F2F-A04D-45F72242AE25}.RelWithDebInfo|Win32.Build.0 = Release|Win32
		{F8EDD7FA-9A51-4E80-BAEB-860825D2EAC6}.Debug|Win32.ActiveCfg = Debug|Win32
		{F8EDD7FA-9A51-4E80-BAEB-860825D2EAC6}.Debug|Win32.Build.0 = Debug|Win32
		{F8EDD7FA-9A51-4E80-BAEB-860825D2EAC6}.MinSizeRel|Win32.ActiveCfg = Release|Win32
		{F8EDD7FA-9A51-4E80-BAEB-860825D2EAC6}.MinSizeRel|Win32.Build.0 = Release|Win32
		{F8EDD7FA-9A51-4E80-BAEB-860825D2EAC6}.Release|Win32.ActiveCfg = Release|Win32
		{F8EDD7FA-9A51-4E80-BAEB-860825D2EAC6}.Release|Win32.Build.0 = Release|Win32
		{F8EDD7FA-9A51-4E80-BAEB-860825D2EAC6}.RelWithDebInfo|Win32.ActiveCfg = Release|Win32
		{F8EDD7FA-9A51-4E80-BAEB-860825D2EAC6}.RelWithDebInfo|Win32.Build.0 = Release|Win32
		{21B2C324-891F-48EA-AD1A-5AE13DE12E28}.Debug|Win32.ActiveCfg = Debug|Win32
		{21B2C324-891F-48EA-AD1A-5AE13DE12E28}.Debug|Win32.Build.0 = Debug|Win32
		{21B2C324-891F-48EA-AD1A-5AE13DE12E28}.MinSizeRel|Win32.ActiveCfg = Release|Win32
		{21B2C324-891F-48EA-AD1A-5AE13DE12E28}.MinSizeRel|Win32.Build.0 = Release|Win32
		{21B2C324-891F-48EA-AD1A-5AE13DE12E28}.Release|Win32.ActiveCfg = Release|Win32
		{21B2C324-891F-48EA-AD1A-5AE13DE12E28}.Release|Win32.Build.0 = Release|Win32
		{21B2C324-891F-48EA-AD1A-5AE13DE12E28}.RelWithDebInfo|Win32.ActiveCfg = Release|Win32
		{21B2C324-891F-48EA-AD1A-5AE13DE12E28}.RelWithDebInfo|Win32.Build.0 = Release|Win32
		{DDC3E27F-004D-4DD4-9DD3-931A013D2159}.Debug|Win32.ActiveCfg = Debug|Win32
		{DDC3E27F-004D-4DD4-9DD3-931A013D2159}.Debug|Win32.Build.0 = Debug|Win32
		{DDC3E27F-004D-4DD4-9DD3-931A013D2159}.MinSizeRel|Win32.ActiveCfg = Release|Win32
		{DDC3E27F-004D-4DD4-9DD3-931A013D2159}.MinSizeRel|Win32.Build.0 = Release|Win32
		{DDC3E27F-004D-4DD4-9DD3-931A013D2159}.Release|Win32.ActiveCfg = Release|Win32
		{DDC3E27F-004D-4DD4-9DD3-931A013D2159}.Release|Win32.Build.0 = Release|Win32
		{DDC3E27F-004D-4DD4-9DD3-931A013D2159}.RelWithDebInfo|Win32.ActiveCfg = Release|Win32
		{DDC3E27F-004D-4DD4-9DD3-931A013D2159}.RelWithDebInfo|Win32.Build.0 = Release|Win32
		{D9C75CC4-458D-3002-854A-1A2E4365EC31}.Debug|Win32.ActiveCfg = Debug|Win32
		{D9C75CC4-458D-3002-854A-1A2E4365EC31}.Debug|Win32.Build.0 = Debug|Win32
		{D9C75CC4-458D-3002-854A-1A2E4365EC31}.MinSizeRel|Win32.ActiveCfg = MinSizeRel|Win32
		{D9C75CC4-458D-3002-854A-1A2E4365EC31}.MinSizeRel|Win32.Build.0 = MinSizeRel|Win32
		{D9C75CC4-458D-3002-854A-1A2E4365EC31}.Release|Win32.ActiveCfg = Release|Win32
		{D9C75CC4-458D-3002-854A-1A2E4365EC31}.Release|Win32.Build.0 = Release|Win32
		{D9C75CC4-458D-3002-854A-1A2E4365EC31}.RelWithDebInfo|Win32.ActiveCfg = RelWithDebInfo|Win32
		{D9C75CC4-458D-3002-854A-1A2E4365EC31}.RelWithDebInfo|Win32.Build.0 = RelWithDebInfo|Win32
		{00C3FB63-FE11-39D1-9639-7E46C1D382E1}.Debug|Win32.ActiveCfg = Debug|Win32
		{00C3FB63-FE11-39D1-9639-7E46C1D382E1}.Debug|Win32.Build.0 = Debug|Win32
		{00C3FB63-FE11-39D1-9639-7E46C1D382E1}.MinSizeRel|Win32.ActiveCfg = MinSizeRel|Win32
		{00C3FB63-FE11-39D1-9639-7E46C1D382E1}.MinSizeRel|Win32.Build.0 = MinSizeRel|Win32
		{00C3FB63-FE11-39D1-9639-7E46C1D382E1}.Release|Win32.ActiveCfg = Release|Win32
		{00C3FB63-FE11-39D1-9639-7E46C1D382E1}.Release|Win32.Build.0 = Release|Win32
		{00C3FB63-FE11-39D1-9639-7E46C1D382E1}.RelWithDebInfo|Win32.ActiveCfg = RelWithDebInfo|Win32
		{00C3FB63-FE11-39D1-9639-7E46C1D382E1}.RelWithDebInfo|Win32.Build.0 = RelWithDebInfo|Win32
		{078DD81D-564E-32AD-AE50-270C9CD3D18D}.Debug|Win32.ActiveCfg = Debug|Win32
		{078DD81D-564E-32AD-AE50-270C9CD3D18D}.Debug|Win32.Build.0 = Debug|Win32
		{078DD81D-564E-32AD-AE50-270C9CD3D18D}.MinSizeRel|Win32.ActiveCfg = MinSizeRel|Win32
		{078DD81D-564E-32AD-AE50-270C9CD3D18D}.MinSizeRel|Win32.Build.0 = MinSizeRel|Win32
		{078DD81D-564E-32AD-AE50-270C9CD3D18D}.Release|Win32.ActiveCfg = Release|Win32
		{078DD81D-564E-32AD-AE50-270C9CD3D18D}.Release|Win32.Build.0 = Release|Win32
		{078DD81D-564E-32AD-AE50-270C9CD3D18D}.RelWithDebInfo|Win32.ActiveCfg = RelWithDebInfo|Win32
		{078DD81D-564E-32AD-AE50-270C9CD3D18D}.RelWithDebInfo|Win32.Build.0 = RelWithDebInfo|Win32
		{60075919-DC50-3A9C-B507-131FC4BDF8C8}.Debug|Win32.ActiveCfg = Debug|Win32
		{60075919-DC50-3A9C-B507-131FC4BDF8C8}.Debug|Win32.Build.0 = Debug|Win32
		{60075919-DC50-3A9C-B507-131FC4BDF8C8}.MinSizeRel|Win32.ActiveCfg = MinSizeRel|Win32
		{60075919-DC50-3A9C-B507-131FC4BDF8C8}.MinSizeRel|Win32.Build.0 = MinSizeRel|Win32
		{60075919-DC50-3A9C-B507-131FC4BDF8C8}.Release|Win32.ActiveCfg = Release|Win32
		{60075919-DC50-3A9C-B507-131FC4BDF8C8}.Release|Win32.Build.0 = Release|Win32
		{60075919-DC50-3A9C-B507-131FC4BDF8C8}.RelWithDebInfo|Win32.ActiveCfg = RelWithDebInfo|Win32
		{60075919-DC50-3A9C-B507-131FC4BDF8C8}.RelWithDebInfo|Win32.Build.0 = RelWithDebInfo|Win32
		{3231F6CF-5927-31FA-9C9F-5BC4152E02AC}.Debug|Win32.ActiveCfg = Debug|Win32
		{3231F6CF-5927-31FA-9C9F-5BC4152E02AC}.Debug|Win32.Build.0 = Debug|Win32
		{3231F6CF-5927-31FA-9C9F-5BC4152E02AC}.MinSizeRel|Win32.ActiveCfg = MinSizeRel|Win32
		{3231F6CF-5927-31FA-9C9F-5BC4152E02AC}.MinSizeRel|Win32.Build.0 = MinSizeRel|Win32
		{3231F6CF-5927-31FA-9C9F-5BC4152E02AC}.Release|Win32.ActiveCfg = Release|Win32
		{3231F6CF-5927-31FA-9C9F-5BC4152E02AC}.Release|Win32.Build.0 = Release|Win32
		{3231F6CF-5927-31FA-9C9F-5BC4152E02AC}.RelWithDebInfo|Win32.ActiveCfg = RelWithDebInfo|Win32
		{3231F6CF-5927-31FA-9C9F-5BC4152E02AC}.RelWithDebInfo|Win32.Build.0 = RelWithDebInfo|Win32
		{30561D6B-9252-38A9-9448-FB729359880F}.Debug|Win32.ActiveCfg = Debug|Win32
		{30561D6B-9252-38A9-9448-FB729359880F}.Debug|Win32.Build.0 = Debug|Win32
		{30561D6B-9252-38A9-9448-FB729359880F}.MinSizeRel|Win32.ActiveCfg = MinSizeRel|Win32
		{30561D6B-9252-38A9-9448-FB729359880F}.MinSizeRel|Win32.Build.0 = MinSizeRel|Win32
		{30561D6B-9252-38A9-9448-FB729359880F}.Release|Win32.ActiveCfg = Release|Win32
		{30561D6B-9252-38A9-9448-FB729359880F}.Release|Win32.Build.0 = Release|Win32
		{30561D6B-9252-38A9-9448-FB729359880F}.RelWithDebInfo|Win32.ActiveCfg = RelWithDebInfo|Win32
		{30561D6B-9252-38A9-9448-FB729359880F}.RelWithDebInfo|Win32.Build.0 = RelWithDebInfo|Win32
		{19ABFBC9-5AC3-31C6-9FC6-FD33CDB4FA25}.Debug|Win32.ActiveCfg = Debug|Win32
		{19ABFBC9-5AC3-31C6-9FC6-FD33CDB4FA25}.Debug|Win32.Build.0 = Debug|Win32
		{19ABFBC9-5AC3-31C6-9FC6-FD33CDB4FA25}.MinSizeRel|Win32.ActiveCfg = MinSizeRel|Win32
		{19ABFBC9-5AC3-31C6-9FC6-FD33CDB4FA25}.MinSizeRel|Win32.Build.0 = MinSizeRel|Win32
		{19ABFBC9-5AC3-31C6-9FC6-FD33CDB4FA25}.Release|Win32.ActiveCfg = Release|Win32
		{19ABFBC9-5AC3-31C6-9FC6-FD33CDB4FA25}.Release|Win32.Build.0 = Release|Win32
		{19ABFBC9-5AC3-31C6-9FC6-FD33CDB4FA25}.RelWithDebInfo|Win32.ActiveCfg = RelWithDebInfo|Win32
		{19ABFBC9-5AC3-31C6-9FC6-FD33CDB4FA25}.RelWithDebInfo|Win32.Build.0 = RelWithDebInfo|Win32
		{3A9E4D46-BDB0-325E-8E1C-6F8C16793446}.Debug|Win32.ActiveCfg = Debug|Win32
		{3A9E4D46-BDB0-325E-8E1C-6F8C16793446}.Debug|Win32.Build.0 = Debug|Win32
		{3A9E4D46-BDB0-325E-8E1C-6F8C16793446}.MinSizeRel|Win32.ActiveCfg = MinSizeRel|Win32
		{3A9E4D46-BDB0-325E-8E1C-6F8C16793446}.MinSizeRel|Win32.Build.0 = MinSizeRel|Win32
		{3A9E4D46-BDB0-325E-8E1C-6F8C16793446}.Release|Win32.ActiveCfg = Release|Win32
		{3A9E4D46-BDB0-325E-8E1C-6F8C16793446}.Release|Win32.Build.0 = Release|Win32
		{3A9E4D46-BDB0-325E-8E1C-6F8C16793446}.RelWithDebInfo|Win32.ActiveCfg = RelWithDebInfo|Win32
		{3A9E4D46-BDB0-325E-8E1C-6F8C16793446}.RelWithDebInfo|Win32.Build.0 = RelWithDebInfo|Win32
		{F65E5460-7620-3D42-A9D4-426A8BD25AD5}.Debug|Win32.ActiveCfg = Debug|Win32
		{F65E5460-7620-3D42-A9D4-426A8BD25AD5}.Debug|Win32.Build.0 = Debug|Win32
		{F65E5460-7620-3D42-A9D4-426A8BD25AD5}.MinSizeRel|Win32.ActiveCfg = MinSizeRel|Win32
		{F65E5460-7620-3D42-A9D4-426A8BD25AD5}.MinSizeRel|Win32.Build.0 = MinSizeRel|Win32
		{F65E5460-7620-3D42-A9D4-426A8BD25AD5}.Release|Win32.ActiveCfg = Release|Win32
		{F65E5460-7620-3D42-A9D4-426A8BD25AD5}.Release|Win32.Build.0 = Release|Win32
		{F65E5460-7620-3D42-A9D4-426A8BD25AD5}.RelWithDebInfo|Win32.ActiveCfg = RelWithDebInfo|Win32
		{F65E5460-7620-3D42-A9D4-426A8BD25AD5}.RelWithDebInfo|Win32.Build.0 = RelWithDebInfo|Win32
		{F4CEF847-363F-3F55-A7B1-3CB1565C2271}.Debug|Win32.ActiveCfg = Debug|Win32
		{F4CEF847-363F-3F55-A7B1-3CB1565C2271}.Debug|Win32.Build.0 = Debug|Win32
		{F4CEF847-363F-3F55-A7B1-3CB1565C2271}.MinSizeRel|Win32.ActiveCfg = MinSizeRel|Win32
		{F4CEF847-363F-3F55-A7B1-3CB1565C2271}.MinSizeRel|Win32.Build.0 = MinSizeRel|Win32
		{F4CEF847-363F-3F55-A7B1-3CB1565C2271}.Release|Win32.ActiveCfg = Release|Win32
		{F4CEF847-363F-3F55-A7B1-3CB1565C2271}.Release|Win32.Build.0 = Release|Win32
		{F4CEF847-363F-3F55-A7B1-3CB1565C2271}.RelWithDebInfo|Win32.ActiveCfg = RelWithDebInfo|Win32
		{F4CEF847-363F-3F55-A7B1-3CB1565C2271}.RelWithDebInfo|Win32.Build.0 = RelWithDebInfo|Win32
		{C4867DA4-7341-370F-8DF7-52F58A4908AF}.Debug|Win32.ActiveCfg = Debug|Win32
		{C4867DA4-7341-370F-8DF7-52F58A4908AF}.Debug|Win32.Build.0 = Debug|Win32
		{C4867DA4-7341-370F-8DF7-52F58A4908AF}.MinSizeRel|Win32.ActiveCfg = MinSizeRel|Win32
		{C4867DA4-7341-370F-8DF7-52F58A4908AF}.MinSizeRel|Win32.Build.0 = MinSizeRel|Win32
		{C4867DA4-7341-370F-8DF7-52F58A4908AF}.Release|Win32.ActiveCfg = Release|Win32
		{C4867DA4-7341-370F-8DF7-52F58A4908AF}.Release|Win32.Build.0 = Release|Win32
		{C4867DA4-7341-370F-8DF7-52F58A4908AF}.RelWithDebInfo|Win32.ActiveCfg = RelWithDebInfo|Win32
		{C4867DA4-7341-370F-8DF7-52F58A4908AF}.RelWithDebInfo|Win32.Build.0 = RelWithDebInfo|Win32
		{6391E71E-A9D4-36B2-839F-7FCF549FE6A1}.Debug|Win32.ActiveCfg = Debug|Win32
		{6391E71E-A9D4-36B2-839F-7FCF549FE6A1}.Debug|Win32.Build.0 = Debug|Win32
		{6391E71E-A9D4-36B2-839F-7FCF549FE6A1}.MinSizeRel|Win32.ActiveCfg = MinSizeRel|Win32
		{6391E71E-A9D4-36B2-839F-7FCF549FE6A1}.MinSizeRel|Win32.Build.0 = MinSizeRel|Win32
		{6391E71E-A9D4-36B2-839F-7FCF549FE6A1}.Release|Win32.ActiveCfg = Release|Win32
		{6391E71E-A9D4-36B2-839F-7FCF549FE6A1}.Release|Win32.Build.0 = Release|Win32
		{6391E71E-A9D4-36B2-839F-7FCF549FE6A1}.RelWithDebInfo|Win32.ActiveCfg = RelWithDebInfo|Win32
		{6391E71E-A9D4-36B2-839F-7FCF549FE6A1}.RelWithDebInfo|Win32.Build.0 = RelWithDebInfo|Win32
	EndGlobalSection
	GlobalSection(SolutionProperties) = preSolution
		HideSolutionNode = FALSE
	EndGlobalSection
EndGlobal
